
Microsoft Visual Studio Solution File, Format Version 12.00
# Visual Studio Version 17
VisualStudioVersion = 17.6.33815.320
MinimumVisualStudioVersion = 10.0.40219.1
Project("{FAE04EC0-301F-11D3-BF4B-00C04F79EFBC}") = "fridge", "fridge\fridge.csproj", "{538CC883-BA88-4F07-8335-9837CAF6C701}"
EndProject
Global
	GlobalSection(SolutionConfigurationPlatforms) = preSolution
		Debug|Any CPU = Debug|Any CPU
		Release|Any CPU = Release|Any CPU
	EndGlobalSection
	GlobalSection(ProjectConfigurationPlatforms) = postSolution
		{538CC883-BA88-4F07-8335-9837CAF6C701}.Debug|Any CPU.ActiveCfg = Debug|Any CPU
		{538CC883-BA88-4F07-8335-9837CAF6C701}.Debug|Any CPU.Build.0 = Debug|Any CPU
		{538CC883-BA88-4F07-8335-9837CAF6C701}.Release|Any CPU.ActiveCfg = Release|Any CPU
		{538CC883-BA88-4F07-8335-9837CAF6C701}.Release|Any CPU.Build.0 = Release|Any CPU
	EndGlobalSection
	GlobalSection(SolutionProperties) = preSolution
		HideSolutionNode = FALSE
	EndGlobalSection
	GlobalSection(ExtensibilityGlobals) = postSolution
		SolutionGuid = {45656D1B-283D-47A8-B231-8B9D3B9B18F3}
	EndGlobalSection
EndGlobal
